
Microsoft Visual Studio Solution File, Format Version 12.00
# Visual Studio Version 17
VisualStudioVersion = 17.9.34728.123
MinimumVisualStudioVersion = 10.0.40219.1
Project("{9A19103F-16F7-4668-BE54-9A1E7A4F7556}") = "ChessBoardConsoleApp", "ChessBoardConsoleApp.csproj", "{AD67341A-DE39-404E-A3A9-662935F52CE0}"
EndProject
Project("{9A19103F-16F7-4668-BE54-9A1E7A4F7556}") = "ChessBoardModel", "..\ChessBoardModel\ChessBoardModel.csproj", "{F8D8EB41-796B-438C-A28D-5CE0E50D4F9D}"
EndProject
Project("{FAE04EC0-301F-11D3-BF4B-00C04F79EFBC}") = "ChessBoardGUIApp", "..\ChessBoardGUIApp\ChessBoardGUIApp.csproj", "{A2427950-A12F-4BD2-BEBF-7B65FE241A46}"
EndProject
Global
	GlobalSection(SolutionConfigurationPlatforms) = preSolution
		Debug|Any CPU = Debug|Any CPU
		Release|Any CPU = Release|Any CPU
	EndGlobalSection
	GlobalSection(ProjectConfigurationPlatforms) = postSolution
		{AD67341A-DE39-404E-A3A9-662935F52CE0}.Debug|Any CPU.ActiveCfg = Debug|Any CPU
		{AD67341A-DE39-404E-A3A9-662935F52CE0}.Debug|Any CPU.Build.0 = Debug|Any CPU
		{AD67341A-DE39-404E-A3A9-662935F52CE0}.Release|Any CPU.ActiveCfg = Release|Any CPU
		{AD67341A-DE39-404E-A3A9-662935F52CE0}.Release|Any CPU.Build.0 = Release|Any CPU
		{F8D8EB41-796B-438C-A28D-5CE0E50D4F9D}.Debug|Any CPU.ActiveCfg = Debug|Any CPU
		{F8D8EB41-796B-438C-A28D-5CE0E50D4F9D}.Debug|Any CPU.Build.0 = Debug|Any CPU
		{F8D8EB41-796B-438C-A28D-5CE0E50D4F9D}.Release|Any CPU.ActiveCfg = Release|Any CPU
		{F8D8EB41-796B-438C-A28D-5CE0E50D4F9D}.Release|Any CPU.Build.0 = Release|Any CPU
		{A2427950-A12F-4BD2-BEBF-7B65FE241A46}.Debug|Any CPU.ActiveCfg = Debug|Any CPU
		{A2427950-A12F-4BD2-BEBF-7B65FE241A46}.Debug|Any CPU.Build.0 = Debug|Any CPU
		{A2427950-A12F-4BD2-BEBF-7B65FE241A46}.Release|Any CPU.ActiveCfg = Release|Any CPU
		{A2427950-A12F-4BD2-BEBF-7B65FE241A46}.Release|Any CPU.Build.0 = Release|Any CPU
	EndGlobalSection
	GlobalSection(SolutionProperties) = preSolution
		HideSolutionNode = FALSE
	EndGlobalSection
	GlobalSection(ExtensibilityGlobals) = postSolution
		SolutionGuid = {332C0B7F-BB14-4DB9-B66B-B1183E08A250}
	EndGlobalSection
EndGlobal
